{
  "name": "node-project",
  "lockfileVersion": 3,
  "requires": true,
  "packages": {
    "": {
      "dependencies": {
        "adm-zip": "^0.5.15"
      }
    },
    "node_modules/adm-zip": {
      "version": "0.5.15",
      "resolved": "https://registry.npmmirror.com/adm-zip/-/adm-zip-0.5.15.tgz",
      "integrity": "sha512-jYPWSeOA8EFoZnucrKCNihqBjoEGQSU4HKgHYQgKNEQ0pQF9a/DYuo/+fAxY76k4qe75LUlLWpAM1QWcBMTOKw==",
      "engines": {
        "node": ">=12.0"
      }
    }
  }
}
